
Microsoft Visual Studio Solution File, Format Version 12.00
# Visual Studio Version 17
VisualStudioVersion = 17.9.34728.123
MinimumVisualStudioVersion = 10.0.40219.1
Project("{FAE04EC0-301F-11D3-BF4B-00C04F79EFBC}") = "ServerLibrary", "ServerLibrary.csproj", "{DE6D78C4-AF8F-429E-B823-D7FF1167F3E5}"
EndProject
Global
	GlobalSection(SolutionConfigurationPlatforms) = preSolution
		Debug|Any CPU = Debug|Any CPU
		Release|Any CPU = Release|Any CPU
	EndGlobalSection
	GlobalSection(ProjectConfigurationPlatforms) = postSolution
		{DE6D78C4-AF8F-429E-B823-D7FF1167F3E5}.Debug|Any CPU.ActiveCfg = Debug|Any CPU
		{DE6D78C4-AF8F-429E-B823-D7FF1167F3E5}.Debug|Any CPU.Build.0 = Debug|Any CPU
		{DE6D78C4-AF8F-429E-B823-D7FF1167F3E5}.Release|Any CPU.ActiveCfg = Release|Any CPU
		{DE6D78C4-AF8F-429E-B823-D7FF1167F3E5}.Release|Any CPU.Build.0 = Release|Any CPU
	EndGlobalSection
	GlobalSection(SolutionProperties) = preSolution
		HideSolutionNode = FALSE
	EndGlobalSection
	GlobalSection(ExtensibilityGlobals) = postSolution
		SolutionGuid = {BA98C5B3-BB2D-4666-AE7C-BE30E6DD5073}
	EndGlobalSection
EndGlobal
